// !$*UTF8*$!
{
	archiveVersion = 1;
	classes = {
	};
	objectVersion = 50;
	objects = {

/* Begin PBXBuildFile section */
		6D57C104FE88BC1CE1DB5097 /* AD+UIView.swift in Sources */ = {isa = PBXBuildFile; fileRef = 6D57CBD772667FD6792FCBF5 /* AD+UIView.swift */; };
		6D57C77D7D48C44F8FB59079 /* ADItem.swift in Sources */ = {isa = PBXBuildFile; fileRef = 6D57C81BF1753B472E201042 /* ADItem.swift */; };
		6D57C9960C44343F63FA3886 /* AD+UIApplication.swift in Sources */ = {isa = PBXBuildFile; fileRef = 6D57CDEEABB1E7A4CC2A08CC /* AD+UIApplication.swift */; };
		6D57CADA9A2EBF30C642070C /* WebViewController.swift in Sources */ = {isa = PBXBuildFile; fileRef = 6D57CD8EEAF8CD7410DAB039 /* WebViewController.swift */; };
		6D57CDD8C4DDF10B7188B1FC /* AD+UIImageView.swift in Sources */ = {isa = PBXBuildFile; fileRef = 6D57C2F56C49B9042DAE3220 /* AD+UIImageView.swift */; };
		6D57CE21194D48C5C9AA4EC8 /* AD+General.swift in Sources */ = {isa = PBXBuildFile; fileRef = 6D57CEC30922E7D249B678A2 /* AD+General.swift */; };
		D77953BF22F98CA10039C341 /* ADSView.h in Headers */ = {isa = PBXBuildFile; fileRef = D77953B122F98CA10039C341 /* ADSView.h */; settings = {ATTRIBUTES = (Public, ); }; };
		D77954B422F99CF70039C341 /* ADView.swift in Sources */ = {isa = PBXBuildFile; fileRef = D77954B322F99CF70039C341 /* ADView.swift */; };
		D77954B622F99D1F0039C341 /* ADView.swift in Sources */ = {isa = PBXBuildFile; fileRef = D77954B522F99D1F0039C341 /* ADView.swift */; };
/* End PBXBuildFile section */

/* Begin PBXFileReference section */
		6D57C2F56C49B9042DAE3220 /* AD+UIImageView.swift */ = {isa = PBXFileReference; fileEncoding = 4; lastKnownFileType = sourcecode.swift; path = "AD+UIImageView.swift"; sourceTree = "<group>"; };
		6D57C81BF1753B472E201042 /* ADItem.swift */ = {isa = PBXFileReference; fileEncoding = 4; lastKnownFileType = sourcecode.swift; path = ADItem.swift; sourceTree = "<group>"; };
		6D57CBD772667FD6792FCBF5 /* AD+UIView.swift */ = {isa = PBXFileReference; fileEncoding = 4; lastKnownFileType = sourcecode.swift; path = "AD+UIView.swift"; sourceTree = "<group>"; };
		6D57CD8EEAF8CD7410DAB039 /* WebViewController.swift */ = {isa = PBXFileReference; fileEncoding = 4; lastKnownFileType = sourcecode.swift; path = WebViewController.swift; sourceTree = "<group>"; };
		6D57CDEEABB1E7A4CC2A08CC /* AD+UIApplication.swift */ = {isa = PBXFileReference; fileEncoding = 4; lastKnownFileType = sourcecode.swift; path = "AD+UIApplication.swift"; sourceTree = "<group>"; };
		6D57CEC30922E7D249B678A2 /* AD+General.swift */ = {isa = PBXFileReference; fileEncoding = 4; lastKnownFileType = sourcecode.swift; path = "AD+General.swift"; sourceTree = "<group>"; };
		D77953AE22F98CA10039C341 /* ADSView.framework */ = {isa = PBXFileReference; explicitFileType = wrapper.framework; includeInIndex = 0; path = ADSView.framework; sourceTree = BUILT_PRODUCTS_DIR; };
		D77953B122F98CA10039C341 /* ADSView.h */ = {isa = PBXFileReference; lastKnownFileType = sourcecode.c.h; path = ADSView.h; sourceTree = "<group>"; };
		D77953B222F98CA10039C341 /* Info.plist */ = {isa = PBXFileReference; lastKnownFileType = text.plist.xml; path = Info.plist; sourceTree = "<group>"; };
		D77954B322F99CF70039C341 /* ADView.swift */ = {isa = PBXFileReference; fileEncoding = 4; lastKnownFileType = sourcecode.swift; path = ADView.swift; sourceTree = "<group>"; };
		D77954B522F99D1F0039C341 /* ADView.swift */ = {isa = PBXFileReference; fileEncoding = 4; lastKnownFileType = sourcecode.swift; path = ADView.swift; sourceTree = "<group>"; };
/* End PBXFileReference section */

/* Begin PBXFrameworksBuildPhase section */
		D77953AB22F98CA10039C341 /* Frameworks */ = {
			isa = PBXFrameworksBuildPhase;
			buildActionMask = 2147483647;
			files = (
			);
			runOnlyForDeploymentPostprocessing = 0;
		};
/* End PBXFrameworksBuildPhase section */

/* Begin PBXGroup section */
		6D57C11AF7ED8CEB02EC832F /* Controllers */ = {
			isa = PBXGroup;
			children = (
				6D57CD8EEAF8CD7410DAB039 /* WebViewController.swift */,
			);
			path = Controllers;
			sourceTree = "<group>";
		};
		6D57C4E19FAD5EB34FE25867 /* Models */ = {
			isa = PBXGroup;
			children = (
				6D57C81BF1753B472E201042 /* ADItem.swift */,
			);
			path = Models;
			sourceTree = "<group>";
		};
		6D57C781E144962FE45E9F3E /* Views */ = {
			isa = PBXGroup;
			children = (
				D77954B522F99D1F0039C341 /* ADView.swift */,
				D77954B322F99CF70039C341 /* ADView.swift */,
			);
			path = Views;
			sourceTree = "<group>";
		};
		6D57C92E7FCEE6A5430F25A4 /* Extension */ = {
			isa = PBXGroup;
			children = (
				6D57CBD772667FD6792FCBF5 /* AD+UIView.swift */,
				6D57CDEEABB1E7A4CC2A08CC /* AD+UIApplication.swift */,
				6D57CEC30922E7D249B678A2 /* AD+General.swift */,
				6D57C2F56C49B9042DAE3220 /* AD+UIImageView.swift */,
			);
			path = Extension;
			sourceTree = "<group>";
		};
		D77953A422F98CA10039C341 = {
			isa = PBXGroup;
			children = (
				D77953B022F98CA10039C341 /* ADSView */,
				D77953AF22F98CA10039C341 /* Products */,
			);
			sourceTree = "<group>";
		};
		D77953AF22F98CA10039C341 /* Products */ = {
			isa = PBXGroup;
			children = (
				D77953AE22F98CA10039C341 /* ADSView.framework */,
			);
			name = Products;
			sourceTree = "<group>";
		};
		D77953B022F98CA10039C341 /* ADSView */ = {
			isa = PBXGroup;
			children = (
				D77953B122F98CA10039C341 /* ADSView.h */,
				D77953B222F98CA10039C341 /* Info.plist */,
				6D57C92E7FCEE6A5430F25A4 /* Extension */,
				6D57C11AF7ED8CEB02EC832F /* Controllers */,
				6D57C4E19FAD5EB34FE25867 /* Models */,
				6D57C781E144962FE45E9F3E /* Views */,
			);
			path = ADSView;
			sourceTree = "<group>";
		};
/* End PBXGroup section */

/* Begin PBXHeadersBuildPhase section */
		D77953A922F98CA10039C341 /* Headers */ = {
			isa = PBXHeadersBuildPhase;
			buildActionMask = 2147483647;
			files = (
				D77953BF22F98CA10039C341 /* ADSView.h in Headers */,
			);
			runOnlyForDeploymentPostprocessing = 0;
		};
/* End PBXHeadersBuildPhase section */

/* Begin PBXNativeTarget section */
		D77953AD22F98CA10039C341 /* ADSView */ = {
			isa = PBXNativeTarget;
			buildConfigurationList = D77953C222F98CA10039C341 /* Build configuration list for PBXNativeTarget "ADSView" */;
			buildPhases = (
				D77953A922F98CA10039C341 /* Headers */,
				D77953AA22F98CA10039C341 /* Sources */,
				D77953AB22F98CA10039C341 /* Frameworks */,
				D77953AC22F98CA10039C341 /* Resources */,
			);
			buildRules = (
			);
			dependencies = (
			);
			name = ADSView;
			productName = ADSView;
			productReference = D77953AE22F98CA10039C341 /* ADSView.framework */;
			productType = "com.apple.product-type.framework";
		};
/* End PBXNativeTarget section */

/* Begin PBXProject section */
		D77953A522F98CA10039C341 /* Project object */ = {
			isa = PBXProject;
			attributes = {
				LastSwiftUpdateCheck = 1020;
				LastUpgradeCheck = 1020;
				ORGANIZATIONNAME = "Mickael Belhassen";
				TargetAttributes = {
					D77953AD22F98CA10039C341 = {
						CreatedOnToolsVersion = 10.2.1;
						LastSwiftMigration = 1020;
					};
				};
			};
			buildConfigurationList = D77953A822F98CA10039C341 /* Build configuration list for PBXProject "ADSView" */;
			compatibilityVersion = "Xcode 9.3";
			developmentRegion = en;
			hasScannedForEncodings = 0;
			knownRegions = (
				en,
			);
			mainGroup = D77953A422F98CA10039C341;
			productRefGroup = D77953AF22F98CA10039C341 /* Products */;
			projectDirPath = "";
			projectRoot = "";
			targets = (
				D77953AD22F98CA10039C341 /* ADSView */,
			);
		};
/* End PBXProject section */

/* Begin PBXResourcesBuildPhase section */
		D77953AC22F98CA10039C341 /* Resources */ = {
			isa = PBXResourcesBuildPhase;
			buildActionMask = 2147483647;
			files = (
			);
			runOnlyForDeploymentPostprocessing = 0;
		};
/* End PBXResourcesBuildPhase section */

/* Begin PBXSourcesBuildPhase section */
		D77953AA22F98CA10039C341 /* Sources */ = {
			isa = PBXSourcesBuildPhase;
			buildActionMask = 2147483647;
			files = (
				6D57C104FE88BC1CE1DB5097 /* AD+UIView.swift in Sources */,
				6D57C9960C44343F63FA3886 /* AD+UIApplication.swift in Sources */,
				6D57CE21194D48C5C9AA4EC8 /* AD+General.swift in Sources */,
				6D57CDD8C4DDF10B7188B1FC /* AD+UIImageView.swift in Sources */,
				6D57CADA9A2EBF30C642070C /* WebViewController.swift in Sources */,
				6D57C77D7D48C44F8FB59079 /* ADItem.swift in Sources */,
				D77954B422F99CF70039C341 /* ADView.swift in Sources */,
				D77954B622F99D1F0039C341 /* ADView.swift in Sources */,
			);
			runOnlyForDeploymentPostprocessing = 0;
		};
/* End PBXSourcesBuildPhase section */

/* Begin XCBuildConfiguration section */
		D77953C022F98CA10039C341 /* Debug */ = {
			isa = XCBuildConfiguration;
			buildSettings = {
				ALWAYS_SEARCH_USER_PATHS = NO;
				CLANG_ANALYZER_NONNULL = YES;
				CLANG_ANALYZER_NUMBER_OBJECT_CONVERSION = YES_AGGRESSIVE;
				CLANG_CXX_LANGUAGE_STANDARD = "gnu++14";
				CLANG_CXX_LIBRARY = "libc++";
				CLANG_ENABLE_MODULES = YES;
				CLANG_ENABLE_OBJC_ARC = YES;
				CLANG_ENABLE_OBJC_WEAK = YES;
				CLANG_WARN_BLOCK_CAPTURE_AUTORELEASING = YES;
				CLANG_WARN_BOOL_CONVERSION = YES;
				CLANG_WARN_COMMA = YES;
				CLANG_WARN_CONSTANT_CONVERSION = YES;
				CLANG_WARN_DEPRECATED_OBJC_IMPLEMENTATIONS = YES;
				CLANG_WARN_DIRECT_OBJC_ISA_USAGE = YES_ERROR;
				CLANG_WARN_DOCUMENTATION_COMMENTS = YES;
				CLANG_WARN_EMPTY_BODY = YES;
				CLANG_WARN_ENUM_CONVERSION = YES;
				CLANG_WARN_INFINITE_RECURSION = YES;
				CLANG_WARN_INT_CONVERSION = YES;
				CLANG_WARN_NON_LITERAL_NULL_CONVERSION = YES;
				CLANG_WARN_OBJC_IMPLICIT_RETAIN_SELF = YES;
				CLANG_WARN_OBJC_LITERAL_CONVERSION = YES;
				CLANG_WARN_OBJC_ROOT_CLASS = YES_ERROR;
				CLANG_WARN_RANGE_LOOP_ANALYSIS = YES;
				CLANG_WARN_STRICT_PROTOTYPES = YES;
				CLANG_WARN_SUSPICIOUS_MOVE = YES;
				CLANG_WARN_UNGUARDED_AVAILABILITY = YES_AGGRESSIVE;
				CLANG_WARN_UNREACHABLE_CODE = YES;
				CLANG_WARN__DUPLICATE_METHOD_MATCH = YES;
				CODE_SIGN_IDENTITY = "iPhone Developer";
				COPY_PHASE_STRIP = NO;
				CURRENT_PROJECT_VERSION = 1;
				DEBUG_INFORMATION_FORMAT = dwarf;
				ENABLE_STRICT_OBJC_MSGSEND = YES;
				ENABLE_TESTABILITY = YES;
				GCC_C_LANGUAGE_STANDARD = gnu11;
				GCC_DYNAMIC_NO_PIC = NO;
				GCC_NO_COMMON_BLOCKS = YES;
				GCC_OPTIMIZATION_LEVEL = 0;
				GCC_PREPROCESSOR_DEFINITIONS = (
					"DEBUG=1",
					"$(inherited)",
				);
				GCC_WARN_64_TO_32_BIT_CONVERSION = YES;
				GCC_WARN_ABOUT_RETURN_TYPE = YES_ERROR;
				GCC_WARN_UNDECLARED_SELECTOR = YES;
				GCC_WARN_UNINITIALIZED_AUTOS = YES_AGGRESSIVE;
				GCC_WARN_UNUSED_FUNCTION = YES;
				GCC_WARN_UNUSED_VARIABLE = YES;
				IPHONEOS_DEPLOYMENT_TARGET = 12.2;
				MTL_ENABLE_DEBUG_INFO = INCLUDE_SOURCE;
				MTL_FAST_MATH = YES;
				ONLY_ACTIVE_ARCH = NO;
				SDKROOT = iphoneos;
				SWIFT_ACTIVE_COMPILATION_CONDITIONS = DEBUG;
				SWIFT_OPTIMIZATION_LEVEL = "-Onone";
				VERSIONING_SYSTEM = "apple-generic";
				VERSION_INFO_PREFIX = "";
			};
			name = Debug;
		};
		D77953C122F98CA10039C341 /* Release */ = {
			isa = XCBuildConfiguration;
			buildSettings = {
				ALWAYS_SEARCH_USER_PATHS = NO;
				CLANG_ANALYZER_NONNULL = YES;
				CLANG_ANALYZER_NUMBER_OBJECT_CONVERSION = YES_AGGRESSIVE;
				CLANG_CXX_LANGUAGE_STANDARD = "gnu++14";
				CLANG_CXX_LIBRARY = "libc++";
				CLANG_ENABLE_MODULES = YES;
				CLANG_ENABLE_OBJC_ARC = YES;
				CLANG_ENABLE_OBJC_WEAK = YES;
				CLANG_WARN_BLOCK_CAPTURE_AUTORELEASING = YES;
				CLANG_WARN_BOOL_CONVERSION = YES;
				CLANG_WARN_COMMA = YES;
				CLANG_WARN_CONSTANT_CONVERSION = YES;
				CLANG_WARN_DEPRECATED_OBJC_IMPLEMENTATIONS = YES;
				CLANG_WARN_DIRECT_OBJC_ISA_USAGE = YES_ERROR;
				CLANG_WARN_DOCUMENTATION_COMMENTS = YES;
				CLANG_WARN_EMPTY_BODY = YES;
				CLANG_WARN_ENUM_CONVERSION = YES;
				CLANG_WARN_INFINITE_RECURSION = YES;
				CLANG_WARN_INT_CONVERSION = YES;
				CLANG_WARN_NON_LITERAL_NULL_CONVERSION = YES;
				CLANG_WARN_OBJC_IMPLICIT_RETAIN_SELF = YES;
				CLANG_WARN_OBJC_LITERAL_CONVERSION = YES;
				CLANG_WARN_OBJC_ROOT_CLASS = YES_ERROR;
				CLANG_WARN_RANGE_LOOP_ANALYSIS = YES;
				CLANG_WARN_STRICT_PROTOTYPES = YES;
				CLANG_WARN_SUSPICIOUS_MOVE = YES;
				CLANG_WARN_UNGUARDED_AVAILABILITY = YES_AGGRESSIVE;
				CLANG_WARN_UNREACHABLE_CODE = YES;
				CLANG_WARN__DUPLICATE_METHOD_MATCH = YES;
				CODE_SIGN_IDENTITY = "iPhone Developer";
				COPY_PHASE_STRIP = NO;
				CURRENT_PROJECT_VERSION = 1;
				DEBUG_INFORMATION_FORMAT = "dwarf-with-dsym";
				ENABLE_NS_ASSERTIONS = NO;
				ENABLE_STRICT_OBJC_MSGSEND = YES;
				GCC_C_LANGUAGE_STANDARD = gnu11;
				GCC_NO_COMMON_BLOCKS = YES;
				GCC_WARN_64_TO_32_BIT_CONVERSION = YES;
				GCC_WARN_ABOUT_RETURN_TYPE = YES_ERROR;
				GCC_WARN_UNDECLARED_SELECTOR = YES;
				GCC_WARN_UNINITIALIZED_AUTOS = YES_AGGRESSIVE;
				GCC_WARN_UNUSED_FUNCTION = YES;
				GCC_WARN_UNUSED_VARIABLE = YES;
				IPHONEOS_DEPLOYMENT_TARGET = 12.2;
				MTL_ENABLE_DEBUG_INFO = NO;
				MTL_FAST_MATH = YES;
				SDKROOT = iphoneos;
				SWIFT_COMPILATION_MODE = wholemodule;
				SWIFT_OPTIMIZATION_LEVEL = "-O";
				VALIDATE_PRODUCT = YES;
				VERSIONING_SYSTEM = "apple-generic";
				VERSION_INFO_PREFIX = "";
			};
			name = Release;
		};
		D77953C322F98CA10039C341 /* Debug */ = {
			isa = XCBuildConfiguration;
			buildSettings = {
				CLANG_ENABLE_MODULES = YES;
				CODE_SIGN_IDENTITY = "";
				CODE_SIGN_STYLE = Automatic;
				DEFINES_MODULE = YES;
				DEVELOPMENT_TEAM = RH9M4FMVEC;
				DYLIB_COMPATIBILITY_VERSION = 1;
				DYLIB_CURRENT_VERSION = 1;
				DYLIB_INSTALL_NAME_BASE = "@rpath";
				INFOPLIST_FILE = ADSView/Info.plist;
				INSTALL_PATH = "$(LOCAL_LIBRARY_DIR)/Frameworks";
				LD_RUNPATH_SEARCH_PATHS = (
					"$(inherited)",
					"@executable_path/Frameworks",
					"@loader_path/Frameworks",
				);
				PRODUCT_BUNDLE_IDENTIFIER = sdf.asdf.ADSView;
				PRODUCT_NAME = "$(TARGET_NAME:c99extidentifier)";
				SKIP_INSTALL = YES;
				SWIFT_OPTIMIZATION_LEVEL = "-Onone";
				SWIFT_VERSION = 5.0;
				TARGETED_DEVICE_FAMILY = 1;
			};
			name = Debug;
		};
		D77953C422F98CA10039C341 /* Release */ = {
			isa = XCBuildConfiguration;
			buildSettings = {
				CLANG_ENABLE_MODULES = YES;
				CODE_SIGN_IDENTITY = "";
				CODE_SIGN_STYLE = Automatic;
				DEFINES_MODULE = YES;
				DEVELOPMENT_TEAM = RH9M4FMVEC;
				DYLIB_COMPATIBILITY_VERSION = 1;
				DYLIB_CURRENT_VERSION = 1;
				DYLIB_INSTALL_NAME_BASE = "@rpath";
				INFOPLIST_FILE = ADSView/Info.plist;
				INSTALL_PATH = "$(LOCAL_LIBRARY_DIR)/Frameworks";
				LD_RUNPATH_SEARCH_PATHS = (
					"$(inherited)",
					"@executable_path/Frameworks",
					"@loader_path/Frameworks",
				);
				PRODUCT_BUNDLE_IDENTIFIER = sdf.asdf.ADSView;
				PRODUCT_NAME = "$(TARGET_NAME:c99extidentifier)";
				SKIP_INSTALL = YES;
				SWIFT_VERSION = 5.0;
				TARGETED_DEVICE_FAMILY = 1;
			};
			name = Release;
		};
/* End XCBuildConfiguration section */

/* Begin XCConfigurationList section */
		D77953A822F98CA10039C341 /* Build configuration list for PBXProject "ADSView" */ = {
			isa = XCConfigurationList;
			buildConfigurations = (
				D77953C022F98CA10039C341 /* Debug */,
				D77953C122F98CA10039C341 /* Release */,
			);
			defaultConfigurationIsVisible = 0;
			defaultConfigurationName = Release;
		};
		D77953C222F98CA10039C341 /* Build configuration list for PBXNativeTarget "ADSView" */ = {
			isa = XCConfigurationList;
			buildConfigurations = (
				D77953C322F98CA10039C341 /* Debug */,
				D77953C422F98CA10039C341 /* Release */,
			);
			defaultConfigurationIsVisible = 0;
			defaultConfigurationName = Release;
		};
/* End XCConfigurationList section */
	};
	rootObject = D77953A522F98CA10039C341 /* Project object */;
}
